// !$*UTF8*$!
{
	archiveVersion = 1;
	classes = {
	};
	objectVersion = 48;
	objects = {

/* Begin PBXBuildFile section */
		6943E91B1FE21B61007D4825 /* AppDelegate.m in Sources */ = {isa = PBXBuildFile; fileRef = 6943E91A1FE21B61007D4825 /* AppDelegate.m */; };
		6943E91E1FE21B61007D4825 /* ViewController.m in Sources */ = {isa = PBXBuildFile; fileRef = 6943E91D1FE21B61007D4825 /* ViewController.m */; };
		6943E9211FE21B61007D4825 /* Main.storyboard in Resources */ = {isa = PBXBuildFile; fileRef = 6943E91F1FE21B61007D4825 /* Main.storyboard */; };
		6943E9231FE21B61007D4825 /* Assets.xcassets in Resources */ = {isa = PBXBuildFile; fileRef = 6943E9221FE21B61007D4825 /* Assets.xcassets */; };
		6943E9261FE21B61007D4825 /* LaunchScreen.storyboard in Resources */ = {isa = PBXBuildFile; fileRef = 6943E9241FE21B61007D4825 /* LaunchScreen.storyboard */; };
		6943E9291FE21B61007D4825 /* main.m in Sources */ = {isa = PBXBuildFile; fileRef = 6943E9281FE21B61007D4825 /* main.m */; };
		6943E9331FE21B61007D4825 /* ProjectTemplateTests.m in Sources */ = {isa = PBXBuildFile; fileRef = 6943E9321FE21B61007D4825 /* ProjectTemplateTests.m */; };
		6943E93E1FE21B61007D4825 /* ProjectTemplateUITests.m in Sources */ = {isa = PBXBuildFile; fileRef = 6943E93D1FE21B61007D4825 /* ProjectTemplateUITests.m */; };
		697065032117F31200913C85 /* SandBoxHelper.m in Sources */ = {isa = PBXBuildFile; fileRef = 697065022117F31200913C85 /* SandBoxHelper.m */; };
		69706507211834F900913C85 /* NSObject+Swizzling.m in Sources */ = {isa = PBXBuildFile; fileRef = 69706506211834F900913C85 /* NSObject+Swizzling.m */; };
		6970650A211836D000913C85 /* NSObject+ImpChangeTool.m in Sources */ = {isa = PBXBuildFile; fileRef = 69706509211836D000913C85 /* NSObject+ImpChangeTool.m */; };
		6970650D211839BA00913C85 /* NSArray+Safe.m in Sources */ = {isa = PBXBuildFile; fileRef = 6970650C211839BA00913C85 /* NSArray+Safe.m */; };
		69706510211846C000913C85 /* NSMutableArray+Safe.m in Sources */ = {isa = PBXBuildFile; fileRef = 6970650F211846BF00913C85 /* NSMutableArray+Safe.m */; };
		697065132118506200913C85 /* NSDictionary+Safe.m in Sources */ = {isa = PBXBuildFile; fileRef = 697065122118506200913C85 /* NSDictionary+Safe.m */; };
		69706516211853D400913C85 /* NSMutableDictionary+Safe.m in Sources */ = {isa = PBXBuildFile; fileRef = 69706515211853D400913C85 /* NSMutableDictionary+Safe.m */; };
		697065192119242700913C85 /* NSMutableString+Safe.m in Sources */ = {isa = PBXBuildFile; fileRef = 697065182119242700913C85 /* NSMutableString+Safe.m */; };
		69C2624F1FE8F58F0077A2EE /* BaseTopLeftLabel.m in Sources */ = {isa = PBXBuildFile; fileRef = 69C2624E1FE8F58F0077A2EE /* BaseTopLeftLabel.m */; };
		69C262581FE8F61F0077A2EE /* BaseViewController.m in Sources */ = {isa = PBXBuildFile; fileRef = 69C262571FE8F61F0077A2EE /* BaseViewController.m */; };
		69C2625D1FE901F90077A2EE /* BaseNavigationViewController.m in Sources */ = {isa = PBXBuildFile; fileRef = 69C2625C1FE901F90077A2EE /* BaseNavigationViewController.m */; };
		69C262631FE904500077A2EE /* XYTransition.m in Sources */ = {isa = PBXBuildFile; fileRef = 69C262611FE904500077A2EE /* XYTransition.m */; };
		69C2626E1FE906650077A2EE /* AppDelegate+AppService.m in Sources */ = {isa = PBXBuildFile; fileRef = 69C2626D1FE906650077A2EE /* AppDelegate+AppService.m */; };
		69C262781FE909C60077A2EE /* NSString+MD5.m in Sources */ = {isa = PBXBuildFile; fileRef = 69C262771FE909C60077A2EE /* NSString+MD5.m */; };
		69C2627F1FE90B210077A2EE /* UIButton+AddBlock.m in Sources */ = {isa = PBXBuildFile; fileRef = 69C2627E1FE90B200077A2EE /* UIButton+AddBlock.m */; };
		69C262831FE90C1B0077A2EE /* UIViewController+AlertViewAndActionSheet.m in Sources */ = {isa = PBXBuildFile; fileRef = 69C262821FE90C1B0077A2EE /* UIViewController+AlertViewAndActionSheet.m */; };
		69C262871FE90C5C0077A2EE /* UICollectionView+IndexPath.m in Sources */ = {isa = PBXBuildFile; fileRef = 69C262861FE90C5C0077A2EE /* UICollectionView+IndexPath.m */; };
		69C2628A1FE90C6A0077A2EE /* UIButton+Extension.m in Sources */ = {isa = PBXBuildFile; fileRef = 69C262891FE90C6A0077A2EE /* UIButton+Extension.m */; };
		69C2628D1FE90C950077A2EE /* NSString+Regular.m in Sources */ = {isa = PBXBuildFile; fileRef = 69C2628C1FE90C940077A2EE /* NSString+Regular.m */; };
		69C262901FE90CD90077A2EE /* NSString+Beck.m in Sources */ = {isa = PBXBuildFile; fileRef = 69C2628F1FE90CD90077A2EE /* NSString+Beck.m */; };
		69C262941FE90D000077A2EE /* NSData+Base64.m in Sources */ = {isa = PBXBuildFile; fileRef = 69C262931FE90CFF0077A2EE /* NSData+Base64.m */; };
		69C262981FE90D390077A2EE /* UILabel+Beck.m in Sources */ = {isa = PBXBuildFile; fileRef = 69C262971FE90D390077A2EE /* UILabel+Beck.m */; };
		69C2629B1FE90E1F0077A2EE /* UIButton+EnlargeEdge.m in Sources */ = {isa = PBXBuildFile; fileRef = 69C2629A1FE90E1F0077A2EE /* UIButton+EnlargeEdge.m */; };
		69C2629F1FE9103E0077A2EE /* MainTabBarController.m in Sources */ = {isa = PBXBuildFile; fileRef = 69C2629E1FE9103E0077A2EE /* MainTabBarController.m */; };
		69C262A31FE910C80077A2EE /* UIView+Extension.m in Sources */ = {isa = PBXBuildFile; fileRef = 69C262A21FE910C80077A2EE /* UIView+Extension.m */; };
		69E9ED9420AE6F1C004CC4E5 /* UIButton+CancelHighlight.m in Sources */ = {isa = PBXBuildFile; fileRef = 69E9ED9220AE6F1B004CC4E5 /* UIButton+CancelHighlight.m */; };
		69E9ED9820AE6F4E004CC4E5 /* UITextView+PlaceHolder.m in Sources */ = {isa = PBXBuildFile; fileRef = 69E9ED9620AE6F4D004CC4E5 /* UITextView+PlaceHolder.m */; };
		69E9ED9C20AE6F7B004CC4E5 /* UIScrollView+APParallaxHeader.m in Sources */ = {isa = PBXBuildFile; fileRef = 69E9ED9B20AE6F7B004CC4E5 /* UIScrollView+APParallaxHeader.m */; };
		69E9ED9F20AE6FC3004CC4E5 /* UIScrollView+Direction.m in Sources */ = {isa = PBXBuildFile; fileRef = 69E9ED9E20AE6FC3004CC4E5 /* UIScrollView+Direction.m */; };
		69E9EDA220AE70EF004CC4E5 /* UIButton+GLImagePosition.m in Sources */ = {isa = PBXBuildFile; fileRef = 69E9EDA120AE70EF004CC4E5 /* UIButton+GLImagePosition.m */; };
		69E9EDA520AE71EF004CC4E5 /* UIButton+GLCountDown.m in Sources */ = {isa = PBXBuildFile; fileRef = 69E9EDA420AE71EF004CC4E5 /* UIButton+GLCountDown.m */; };
		69E9EDA920AE727D004CC4E5 /* UITextField+JKHistory.m in Sources */ = {isa = PBXBuildFile; fileRef = 69E9EDA720AE727D004CC4E5 /* UITextField+JKHistory.m */; };
		69E9EDAC20AE729F004CC4E5 /* UITextField+JKBlocks.m in Sources */ = {isa = PBXBuildFile; fileRef = 69E9EDAB20AE729F004CC4E5 /* UITextField+JKBlocks.m */; };
		69E9EDB020AE72FF004CC4E5 /* UIImageView+JKAddition.m in Sources */ = {isa = PBXBuildFile; fileRef = 69E9EDAE20AE72FF004CC4E5 /* UIImageView+JKAddition.m */; };
		69E9EDBD20AE73D7004CC4E5 /* UIColor+GLRandom.m in Sources */ = {isa = PBXBuildFile; fileRef = 69E9EDBC20AE73D7004CC4E5 /* UIColor+GLRandom.m */; };
		69E9EDC020AE73F6004CC4E5 /* UIColor+GLGradient.m in Sources */ = {isa = PBXBuildFile; fileRef = 69E9EDBF20AE73F6004CC4E5 /* UIColor+GLGradient.m */; };
		69E9EDC320AE7419004CC4E5 /* UIColor+GLWeb.m in Sources */ = {isa = PBXBuildFile; fileRef = 69E9EDC220AE7419004CC4E5 /* UIColor+GLWeb.m */; };
		69E9EDC720AE7471004CC4E5 /* UIDevice+GLHardware.m in Sources */ = {isa = PBXBuildFile; fileRef = 69E9EDC620AE7471004CC4E5 /* UIDevice+GLHardware.m */; };
		69E9EDCB20AE7659004CC4E5 /* UIImage+JKRemoteSize.m in Sources */ = {isa = PBXBuildFile; fileRef = 69E9EDC920AE7659004CC4E5 /* UIImage+JKRemoteSize.m */; };
		69E9EDCE20AE76AD004CC4E5 /* UIImage+GLSuperCompress.m in Sources */ = {isa = PBXBuildFile; fileRef = 69E9EDCD20AE76AD004CC4E5 /* UIImage+GLSuperCompress.m */; };
		69E9EDD220AE778B004CC4E5 /* UILabel+GLAutoSize.m in Sources */ = {isa = PBXBuildFile; fileRef = 69E9EDD120AE778B004CC4E5 /* UILabel+GLAutoSize.m */; };
		69E9EDD620AE7830004CC4E5 /* UINavigationController+GLStackManager.m in Sources */ = {isa = PBXBuildFile; fileRef = 69E9EDD520AE7830004CC4E5 /* UINavigationController+GLStackManager.m */; };
		69E9EDD920AE789B004CC4E5 /* UIView+JKAnimation.m in Sources */ = {isa = PBXBuildFile; fileRef = 69E9EDD820AE789B004CC4E5 /* UIView+JKAnimation.m */; };
		69E9EDDC20AE78AE004CC4E5 /* UIView+JKNib.m in Sources */ = {isa = PBXBuildFile; fileRef = 69E9EDDA20AE78AD004CC4E5 /* UIView+JKNib.m */; };
		69E9EDDF20AE78C1004CC4E5 /* UIView+JKBlockGesture.m in Sources */ = {isa = PBXBuildFile; fileRef = 69E9EDDE20AE78C1004CC4E5 /* UIView+JKBlockGesture.m */; };
		69E9EDE320AE7971004CC4E5 /* NSString+JKSize.m in Sources */ = {isa = PBXBuildFile; fileRef = 69E9EDE120AE7970004CC4E5 /* NSString+JKSize.m */; };
		69E9EDE620AE7980004CC4E5 /* NSString+JKRemoveEmoji.m in Sources */ = {isa = PBXBuildFile; fileRef = 69E9EDE420AE7980004CC4E5 /* NSString+JKRemoveEmoji.m */; };
		69EA5CFC205A7794004CFB64 /* MBProgressHUD+XY.m in Sources */ = {isa = PBXBuildFile; fileRef = 69EA5CFB205A7794004CFB64 /* MBProgressHUD+XY.m */; };
		69EA5D02205A7806004CFB64 /* UITabBar+CustomBadge.m in Sources */ = {isa = PBXBuildFile; fileRef = 69EA5CFE205A7806004CFB64 /* UITabBar+CustomBadge.m */; };
		69EA5D03205A7806004CFB64 /* GLTabBar.m in Sources */ = {isa = PBXBuildFile; fileRef = 69EA5D01205A7806004CFB64 /* GLTabBar.m */; };
		D406E996985F44771F4852FB /* libPods-ProjectTemplate.a in Frameworks */ = {isa = PBXBuildFile; fileRef = 7AE287DE7A9D2EBC1CB186C6 /* libPods-ProjectTemplate.a */; };
/* End PBXBuildFile section */

/* Begin PBXContainerItemProxy section */
		6943E92F1FE21B61007D4825 /* PBXContainerItemProxy */ = {
			isa = PBXContainerItemProxy;
			containerPortal = 6943E90E1FE21B60007D4825 /* Project object */;
			proxyType = 1;
			remoteGlobalIDString = 6943E9151FE21B60007D4825;
			remoteInfo = ProjectTemplate;
		};
		6943E93A1FE21B61007D4825 /* PBXContainerItemProxy */ = {
			isa = PBXContainerItemProxy;
			containerPortal = 6943E90E1FE21B60007D4825 /* Project object */;
			proxyType = 1;
			remoteGlobalIDString = 6943E9151FE21B60007D4825;
			remoteInfo = ProjectTemplate;
		};
/* End PBXContainerItemProxy section */

/* Begin PBXFileReference section */
		010E8736E291F7EBB17DF4B1 /* Pods-ProjectTemplate.debug.xcconfig */ = {isa = PBXFileReference; includeInIndex = 1; lastKnownFileType = text.xcconfig; name = "Pods-ProjectTemplate.debug.xcconfig"; path = "Pods/Target Support Files/Pods-ProjectTemplate/Pods-ProjectTemplate.debug.xcconfig"; sourceTree = "<group>"; };
		6943E9161FE21B60007D4825 /* ProjectTemplate.app */ = {isa = PBXFileReference; explicitFileType = wrapper.application; includeInIndex = 0; path = ProjectTemplate.app; sourceTree = BUILT_PRODUCTS_DIR; };
		6943E9191FE21B60007D4825 /* AppDelegate.h */ = {isa = PBXFileReference; lastKnownFileType = sourcecode.c.h; path = AppDelegate.h; sourceTree = "<group>"; };
		6943E91A1FE21B61007D4825 /* AppDelegate.m */ = {isa = PBXFileReference; lastKnownFileType = sourcecode.c.objc; path = AppDelegate.m; sourceTree = "<group>"; };
		6943E91C1FE21B61007D4825 /* ViewController.h */ = {isa = PBXFileReference; lastKnownFileType = sourcecode.c.h; path = ViewController.h; sourceTree = "<group>"; };
		6943E91D1FE21B61007D4825 /* ViewController.m */ = {isa = PBXFileReference; lastKnownFileType = sourcecode.c.objc; path = ViewController.m; sourceTree = "<group>"; };
		6943E9201FE21B61007D4825 /* Base */ = {isa = PBXFileReference; lastKnownFileType = file.storyboard; name = Base; path = Base.lproj/Main.storyboard; sourceTree = "<group>"; };
		6943E9221FE21B61007D4825 /* Assets.xcassets */ = {isa = PBXFileReference; lastKnownFileType = folder.assetcatalog; path = Assets.xcassets; sourceTree = "<group>"; };
		6943E9251FE21B61007D4825 /* Base */ = {isa = PBXFileReference; lastKnownFileType = file.storyboard; name = Base; path = Base.lproj/LaunchScreen.storyboard; sourceTree = "<group>"; };
		6943E9271FE21B61007D4825 /* Info.plist */ = {isa = PBXFileReference; lastKnownFileType = text.plist.xml; path = Info.plist; sourceTree = "<group>"; };
		6943E9281FE21B61007D4825 /* main.m */ = {isa = PBXFileReference; lastKnownFileType = sourcecode.c.objc; path = main.m; sourceTree = "<group>"; };
		6943E92E1FE21B61007D4825 /* ProjectTemplateTests.xctest */ = {isa = PBXFileReference; explicitFileType = wrapper.cfbundle; includeInIndex = 0; path = ProjectTemplateTests.xctest; sourceTree = BUILT_PRODUCTS_DIR; };
		6943E9321FE21B61007D4825 /* ProjectTemplateTests.m */ = {isa = PBXFileReference; lastKnownFileType = sourcecode.c.objc; path = ProjectTemplateTests.m; sourceTree = "<group>"; };
		6943E9341FE21B61007D4825 /* Info.plist */ = {isa = PBXFileReference; lastKnownFileType = text.plist.xml; path = Info.plist; sourceTree = "<group>"; };
		6943E9391FE21B61007D4825 /* ProjectTemplateUITests.xctest */ = {isa = PBXFileReference; explicitFileType = wrapper.cfbundle; includeInIndex = 0; path = ProjectTemplateUITests.xctest; sourceTree = BUILT_PRODUCTS_DIR; };
		6943E93D1FE21B61007D4825 /* ProjectTemplateUITests.m */ = {isa = PBXFileReference; lastKnownFileType = sourcecode.c.objc; path = ProjectTemplateUITests.m; sourceTree = "<group>"; };
		6943E93F1FE21B61007D4825 /* Info.plist */ = {isa = PBXFileReference; lastKnownFileType = text.plist.xml; path = Info.plist; sourceTree = "<group>"; };
		697065012117F31200913C85 /* SandBoxHelper.h */ = {isa = PBXFileReference; lastKnownFileType = sourcecode.c.h; path = SandBoxHelper.h; sourceTree = "<group>"; };
		697065022117F31200913C85 /* SandBoxHelper.m */ = {isa = PBXFileReference; lastKnownFileType = sourcecode.c.objc; path = SandBoxHelper.m; sourceTree = "<group>"; };
		69706505211834F900913C85 /* NSObject+Swizzling.h */ = {isa = PBXFileReference; lastKnownFileType = sourcecode.c.h; path = "NSObject+Swizzling.h"; sourceTree = "<group>"; };
		69706506211834F900913C85 /* NSObject+Swizzling.m */ = {isa = PBXFileReference; lastKnownFileType = sourcecode.c.objc; path = "NSObject+Swizzling.m"; sourceTree = "<group>"; };
		69706508211836D000913C85 /* NSObject+ImpChangeTool.h */ = {isa = PBXFileReference; lastKnownFileType = sourcecode.c.h; path = "NSObject+ImpChangeTool.h"; sourceTree = "<group>"; };
		69706509211836D000913C85 /* NSObject+ImpChangeTool.m */ = {isa = PBXFileReference; lastKnownFileType = sourcecode.c.objc; path = "NSObject+ImpChangeTool.m"; sourceTree = "<group>"; };
		6970650B211839BA00913C85 /* NSArray+Safe.h */ = {isa = PBXFileReference; lastKnownFileType = sourcecode.c.h; path = "NSArray+Safe.h"; sourceTree = "<group>"; };
		6970650C211839BA00913C85 /* NSArray+Safe.m */ = {isa = PBXFileReference; lastKnownFileType = sourcecode.c.objc; path = "NSArray+Safe.m"; sourceTree = "<group>"; };
		6970650E211846BF00913C85 /* NSMutableArray+Safe.h */ = {isa = PBXFileReference; lastKnownFileType = sourcecode.c.h; path = "NSMutableArray+Safe.h"; sourceTree = "<group>"; };
		6970650F211846BF00913C85 /* NSMutableArray+Safe.m */ = {isa = PBXFileReference; lastKnownFileType = sourcecode.c.objc; path = "NSMutableArray+Safe.m"; sourceTree = "<group>"; };
		697065112118506100913C85 /* NSDictionary+Safe.h */ = {isa = PBXFileReference; lastKnownFileType = sourcecode.c.h; path = "NSDictionary+Safe.h"; sourceTree = "<group>"; };
		697065122118506200913C85 /* NSDictionary+Safe.m */ = {isa = PBXFileReference; lastKnownFileType = sourcecode.c.objc; path = "NSDictionary+Safe.m"; sourceTree = "<group>"; };
		69706514211853D400913C85 /* NSMutableDictionary+Safe.h */ = {isa = PBXFileReference; lastKnownFileType = sourcecode.c.h; path = "NSMutableDictionary+Safe.h"; sourceTree = "<group>"; };
		69706515211853D400913C85 /* NSMutableDictionary+Safe.m */ = {isa = PBXFileReference; lastKnownFileType = sourcecode.c.objc; path = "NSMutableDictionary+Safe.m"; sourceTree = "<group>"; };
		697065172119242700913C85 /* NSMutableString+Safe.h */ = {isa = PBXFileReference; lastKnownFileType = sourcecode.c.h; path = "NSMutableString+Safe.h"; sourceTree = "<group>"; };
		697065182119242700913C85 /* NSMutableString+Safe.m */ = {isa = PBXFileReference; lastKnownFileType = sourcecode.c.objc; path = "NSMutableString+Safe.m"; sourceTree = "<group>"; };
		69C262451FE8F4170077A2EE /* UtilsMacros.h */ = {isa = PBXFileReference; fileEncoding = 4; lastKnownFileType = sourcecode.c.h; path = UtilsMacros.h; sourceTree = "<group>"; };
		69C262461FE8F4170077A2EE /* ThirdMacros.h */ = {isa = PBXFileReference; fileEncoding = 4; lastKnownFileType = sourcecode.c.h; path = ThirdMacros.h; sourceTree = "<group>"; };
		69C262471FE8F4170077A2EE /* FontAndColorMacros.h */ = {isa = PBXFileReference; fileEncoding = 4; lastKnownFileType = sourcecode.c.h; path = FontAndColorMacros.h; sourceTree = "<group>"; };
		69C262481FE8F4170077A2EE /* URLMacros.h */ = {isa = PBXFileReference; fileEncoding = 4; lastKnownFileType = sourcecode.c.h; path = URLMacros.h; sourceTree = "<group>"; };
		69C262491FE8F4180077A2EE /* CommonMacros.h */ = {isa = PBXFileReference; fileEncoding = 4; lastKnownFileType = sourcecode.c.h; path = CommonMacros.h; sourceTree = "<group>"; };
		69C2624D1FE8F58F0077A2EE /* BaseTopLeftLabel.h */ = {isa = PBXFileReference; lastKnownFileType = sourcecode.c.h; path = BaseTopLeftLabel.h; sourceTree = "<group>"; };
		69C2624E1FE8F58F0077A2EE /* BaseTopLeftLabel.m */ = {isa = PBXFileReference; lastKnownFileType = sourcecode.c.objc; path = BaseTopLeftLabel.m; sourceTree = "<group>"; };
		69C262561FE8F61F0077A2EE /* BaseViewController.h */ = {isa = PBXFileReference; lastKnownFileType = sourcecode.c.h; path = BaseViewController.h; sourceTree = "<group>"; };
		69C262571FE8F61F0077A2EE /* BaseViewController.m */ = {isa = PBXFileReference; lastKnownFileType = sourcecode.c.objc; path = BaseViewController.m; sourceTree = "<group>"; };
		69C262591FE8FB650077A2EE /* PrefixHeader.pch */ = {isa = PBXFileReference; lastKnownFileType = sourcecode.c.h; path = PrefixHeader.pch; sourceTree = "<group>"; };
		69C2625B1FE901F90077A2EE /* BaseNavigationViewController.h */ = {isa = PBXFileReference; lastKnownFileType = sourcecode.c.h; path = BaseNavigationViewController.h; sourceTree = "<group>"; };
		69C2625C1FE901F90077A2EE /* BaseNavigationViewController.m */ = {isa = PBXFileReference; lastKnownFileType = sourcecode.c.objc; path = BaseNavigationViewController.m; sourceTree = "<group>"; };
		69C262601FE904500077A2EE /* XYTransition.h */ = {isa = PBXFileReference; fileEncoding = 4; lastKnownFileType = sourcecode.c.h; path = XYTransition.h; sourceTree = "<group>"; };
		69C262611FE904500077A2EE /* XYTransition.m */ = {isa = PBXFileReference; fileEncoding = 4; lastKnownFileType = sourcecode.c.objc; path = XYTransition.m; sourceTree = "<group>"; };
		69C262621FE904500077A2EE /* XYTransitionProtocol.h */ = {isa = PBXFileReference; fileEncoding = 4; lastKnownFileType = sourcecode.c.h; path = XYTransitionProtocol.h; sourceTree = "<group>"; };
		69C2626C1FE906650077A2EE /* AppDelegate+AppService.h */ = {isa = PBXFileReference; lastKnownFileType = sourcecode.c.h; path = "AppDelegate+AppService.h"; sourceTree = "<group>"; };
		69C2626D1FE906650077A2EE /* AppDelegate+AppService.m */ = {isa = PBXFileReference; lastKnownFileType = sourcecode.c.objc; path = "AppDelegate+AppService.m"; sourceTree = "<group>"; };
		69C262761FE909C60077A2EE /* NSString+MD5.h */ = {isa = PBXFileReference; lastKnownFileType = sourcecode.c.h; path = "NSString+MD5.h"; sourceTree = "<group>"; };
		69C262771FE909C60077A2EE /* NSString+MD5.m */ = {isa = PBXFileReference; lastKnownFileType = sourcecode.c.objc; path = "NSString+MD5.m"; sourceTree = "<group>"; };
		69C2627D1FE90B200077A2EE /* UIButton+AddBlock.h */ = {isa = PBXFileReference; fileEncoding = 4; lastKnownFileType = sourcecode.c.h; path = "UIButton+AddBlock.h"; sourceTree = "<group>"; };
		69C2627E1FE90B200077A2EE /* UIButton+AddBlock.m */ = {isa = PBXFileReference; fileEncoding = 4; lastKnownFileType = sourcecode.c.objc; path = "UIButton+AddBlock.m"; sourceTree = "<group>"; };
		69C262811FE90C1B0077A2EE /* UIViewController+AlertViewAndActionSheet.h */ = {isa = PBXFileReference; fileEncoding = 4; lastKnownFileType = sourcecode.c.h; path = "UIViewController+AlertViewAndActionSheet.h"; sourceTree = "<group>"; };
		69C262821FE90C1B0077A2EE /* UIViewController+AlertViewAndActionSheet.m */ = {isa = PBXFileReference; fileEncoding = 4; lastKnownFileType = sourcecode.c.objc; path = "UIViewController+AlertViewAndActionSheet.m"; sourceTree = "<group>"; };
		69C262851FE90C5C0077A2EE /* UICollectionView+IndexPath.h */ = {isa = PBXFileReference; fileEncoding = 4; lastKnownFileType = sourcecode.c.h; path = "UICollectionView+IndexPath.h"; sourceTree = "<group>"; };
		69C262861FE90C5C0077A2EE /* UICollectionView+IndexPath.m */ = {isa = PBXFileReference; fileEncoding = 4; lastKnownFileType = sourcecode.c.objc; path = "UICollectionView+IndexPath.m"; sourceTree = "<group>"; };
		69C262881FE90C6A0077A2EE /* UIButton+Extension.h */ = {isa = PBXFileReference; fileEncoding = 4; lastKnownFileType = sourcecode.c.h; path = "UIButton+Extension.h"; sourceTree = "<group>"; };
		69C262891FE90C6A0077A2EE /* UIButton+Extension.m */ = {isa = PBXFileReference; fileEncoding = 4; lastKnownFileType = sourcecode.c.objc; path = "UIButton+Extension.m"; sourceTree = "<group>"; };
		69C2628B1FE90C940077A2EE /* NSString+Regular.h */ = {isa = PBXFileReference; fileEncoding = 4; lastKnownFileType = sourcecode.c.h; path = "NSString+Regular.h"; sourceTree = "<group>"; };
		69C2628C1FE90C940077A2EE /* NSString+Regular.m */ = {isa = PBXFileReference; fileEncoding = 4; lastKnownFileType = sourcecode.c.objc; path = "NSString+Regular.m"; sourceTree = "<group>"; };
		69C2628E1FE90CD90077A2EE /* NSString+Beck.h */ = {isa = PBXFileReference; fileEncoding = 4; lastKnownFileType = sourcecode.c.h; path = "NSString+Beck.h"; sourceTree = "<group>"; };
		69C2628F1FE90CD90077A2EE /* NSString+Beck.m */ = {isa = PBXFileReference; fileEncoding = 4; lastKnownFileType = sourcecode.c.objc; path = "NSString+Beck.m"; sourceTree = "<group>"; };
		69C262921FE90CFF0077A2EE /* NSData+Base64.h */ = {isa = PBXFileReference; fileEncoding = 4; lastKnownFileType = sourcecode.c.h; path = "NSData+Base64.h"; sourceTree = "<group>"; };
		69C262931FE90CFF0077A2EE /* NSData+Base64.m */ = {isa = PBXFileReference; fileEncoding = 4; lastKnownFileType = sourcecode.c.objc; path = "NSData+Base64.m"; sourceTree = "<group>"; };
		69C262961FE90D390077A2EE /* UILabel+Beck.h */ = {isa = PBXFileReference; fileEncoding = 4; lastKnownFileType = sourcecode.c.h; path = "UILabel+Beck.h"; sourceTree = "<group>"; };
		69C262971FE90D390077A2EE /* UILabel+Beck.m */ = {isa = PBXFileReference; fileEncoding = 4; lastKnownFileType = sourcecode.c.objc; path = "UILabel+Beck.m"; sourceTree = "<group>"; };
		69C262991FE90E1F0077A2EE /* UIButton+EnlargeEdge.h */ = {isa = PBXFileReference; lastKnownFileType = sourcecode.c.h; path = "UIButton+EnlargeEdge.h"; sourceTree = "<group>"; };
		69C2629A1FE90E1F0077A2EE /* UIButton+EnlargeEdge.m */ = {isa = PBXFileReference; lastKnownFileType = sourcecode.c.objc; path = "UIButton+EnlargeEdge.m"; sourceTree = "<group>"; };
		69C2629D1FE9103E0077A2EE /* MainTabBarController.h */ = {isa = PBXFileReference; lastKnownFileType = sourcecode.c.h; path = MainTabBarController.h; sourceTree = "<group>"; };
		69C2629E1FE9103E0077A2EE /* MainTabBarController.m */ = {isa = PBXFileReference; lastKnownFileType = sourcecode.c.objc; path = MainTabBarController.m; sourceTree = "<group>"; };
		69C262A11FE910C80077A2EE /* UIView+Extension.h */ = {isa = PBXFileReference; fileEncoding = 4; lastKnownFileType = sourcecode.c.h; path = "UIView+Extension.h"; sourceTree = "<group>"; };
		69C262A21FE910C80077A2EE /* UIView+Extension.m */ = {isa = PBXFileReference; fileEncoding = 4; lastKnownFileType = sourcecode.c.objc; path = "UIView+Extension.m"; sourceTree = "<group>"; };
		69E9ED9220AE6F1B004CC4E5 /* UIButton+CancelHighlight.m */ = {isa = PBXFileReference; fileEncoding = 4; lastKnownFileType = sourcecode.c.objc; path = "UIButton+CancelHighlight.m"; sourceTree = "<group>"; };
		69E9ED9320AE6F1B004CC4E5 /* UIButton+CancelHighlight.h */ = {isa = PBXFileReference; fileEncoding = 4; lastKnownFileType = sourcecode.c.h; path = "UIButton+CancelHighlight.h"; sourceTree = "<group>"; };
		69E9ED9620AE6F4D004CC4E5 /* UITextView+PlaceHolder.m */ = {isa = PBXFileReference; fileEncoding = 4; lastKnownFileType = sourcecode.c.objc; path = "UITextView+PlaceHolder.m"; sourceTree = "<group>"; };
		69E9ED9720AE6F4E004CC4E5 /* UITextView+PlaceHolder.h */ = {isa = PBXFileReference; fileEncoding = 4; lastKnownFileType = sourcecode.c.h; path = "UITextView+PlaceHolder.h"; sourceTree = "<group>"; };
		69E9ED9A20AE6F7B004CC4E5 /* UIScrollView+APParallaxHeader.h */ = {isa = PBXFileReference; fileEncoding = 4; lastKnownFileType = sourcecode.c.h; path = "UIScrollView+APParallaxHeader.h"; sourceTree = "<group>"; };
		69E9ED9B20AE6F7B004CC4E5 /* UIScrollView+APParallaxHeader.m */ = {isa = PBXFileReference; fileEncoding = 4; lastKnownFileType = sourcecode.c.objc; path = "UIScrollView+APParallaxHeader.m"; sourceTree = "<group>"; };
		69E9ED9D20AE6FC3004CC4E5 /* UIScrollView+Direction.h */ = {isa = PBXFileReference; fileEncoding = 4; lastKnownFileType = sourcecode.c.h; path = "UIScrollView+Direction.h"; sourceTree = "<group>"; };
		69E9ED9E20AE6FC3004CC4E5 /* UIScrollView+Direction.m */ = {isa = PBXFileReference; fileEncoding = 4; lastKnownFileType = sourcecode.c.objc; path = "UIScrollView+Direction.m"; sourceTree = "<group>"; };
		69E9EDA020AE70EF004CC4E5 /* UIButton+GLImagePosition.h */ = {isa = PBXFileReference; lastKnownFileType = sourcecode.c.h; path = "UIButton+GLImagePosition.h"; sourceTree = "<group>"; };
		69E9EDA120AE70EF004CC4E5 /* UIButton+GLImagePosition.m */ = {isa = PBXFileReference; lastKnownFileType = sourcecode.c.objc; path = "UIButton+GLImagePosition.m"; sourceTree = "<group>"; };
		69E9EDA320AE71EF004CC4E5 /* UIButton+GLCountDown.h */ = {isa = PBXFileReference; lastKnownFileType = sourcecode.c.h; path = "UIButton+GLCountDown.h"; sourceTree = "<group>"; };
		69E9EDA420AE71EF004CC4E5 /* UIButton+GLCountDown.m */ = {isa = PBXFileReference; lastKnownFileType = sourcecode.c.objc; path = "UIButton+GLCountDown.m"; sourceTree = "<group>"; };
		69E9EDA720AE727D004CC4E5 /* UITextField+JKHistory.m */ = {isa = PBXFileReference; fileEncoding = 4; lastKnownFileType = sourcecode.c.objc; path = "UITextField+JKHistory.m"; sourceTree = "<group>"; };
		69E9EDA820AE727D004CC4E5 /* UITextField+JKHistory.h */ = {isa = PBXFileReference; fileEncoding = 4; lastKnownFileType = sourcecode.c.h; path = "UITextField+JKHistory.h"; sourceTree = "<group>"; };
		69E9EDAA20AE729F004CC4E5 /* UITextField+JKBlocks.h */ = {isa = PBXFileReference; fileEncoding = 4; lastKnownFileType = sourcecode.c.h; path = "UITextField+JKBlocks.h"; sourceTree = "<group>"; };
		69E9EDAB20AE729F004CC4E5 /* UITextField+JKBlocks.m */ = {isa = PBXFileReference; fileEncoding = 4; lastKnownFileType = sourcecode.c.objc; path = "UITextField+JKBlocks.m"; sourceTree = "<group>"; };
		69E9EDAE20AE72FF004CC4E5 /* UIImageView+JKAddition.m */ = {isa = PBXFileReference; fileEncoding = 4; lastKnownFileType = sourcecode.c.objc; path = "UIImageView+JKAddition.m"; sourceTree = "<group>"; };
		69E9EDAF20AE72FF004CC4E5 /* UIImageView+JKAddition.h */ = {isa = PBXFileReference; fileEncoding = 4; lastKnownFileType = sourcecode.c.h; path = "UIImageView+JKAddition.h"; sourceTree = "<group>"; };
		69E9EDBB20AE73D7004CC4E5 /* UIColor+GLRandom.h */ = {isa = PBXFileReference; lastKnownFileType = sourcecode.c.h; path = "UIColor+GLRandom.h"; sourceTree = "<group>"; };
		69E9EDBC20AE73D7004CC4E5 /* UIColor+GLRandom.m */ = {isa = PBXFileReference; lastKnownFileType = sourcecode.c.objc; path = "UIColor+GLRandom.m"; sourceTree = "<group>"; };
		69E9EDBE20AE73F6004CC4E5 /* UIColor+GLGradient.h */ = {isa = PBXFileReference; lastKnownFileType = sourcecode.c.h; path = "UIColor+GLGradient.h"; sourceTree = "<group>"; };
		69E9EDBF20AE73F6004CC4E5 /* UIColor+GLGradient.m */ = {isa = PBXFileReference; lastKnownFileType = sourcecode.c.objc; path = "UIColor+GLGradient.m"; sourceTree = "<group>"; };
		69E9EDC120AE7419004CC4E5 /* UIColor+GLWeb.h */ = {isa = PBXFileReference; lastKnownFileType = sourcecode.c.h; path = "UIColor+GLWeb.h"; sourceTree = "<group>"; };
		69E9EDC220AE7419004CC4E5 /* UIColor+GLWeb.m */ = {isa = PBXFileReference; lastKnownFileType = sourcecode.c.objc; path = "UIColor+GLWeb.m"; sourceTree = "<group>"; };
		69E9EDC520AE7471004CC4E5 /* UIDevice+GLHardware.h */ = {isa = PBXFileReference; lastKnownFileType = sourcecode.c.h; path = "UIDevice+GLHardware.h"; sourceTree = "<group>"; };
		69E9EDC620AE7471004CC4E5 /* UIDevice+GLHardware.m */ = {isa = PBXFileReference; lastKnownFileType = sourcecode.c.objc; path = "UIDevice+GLHardware.m"; sourceTree = "<group>"; };
		69E9EDC920AE7659004CC4E5 /* UIImage+JKRemoteSize.m */ = {isa = PBXFileReference; fileEncoding = 4; lastKnownFileType = sourcecode.c.objc; path = "UIImage+JKRemoteSize.m"; sourceTree = "<group>"; };
		69E9EDCA20AE7659004CC4E5 /* UIImage+JKRemoteSize.h */ = {isa = PBXFileReference; fileEncoding = 4; lastKnownFileType = sourcecode.c.h; path = "UIImage+JKRemoteSize.h"; sourceTree = "<group>"; };
		69E9EDCC20AE76AD004CC4E5 /* UIImage+GLSuperCompress.h */ = {isa = PBXFileReference; lastKnownFileType = sourcecode.c.h; path = "UIImage+GLSuperCompress.h"; sourceTree = "<group>"; };
		69E9EDCD20AE76AD004CC4E5 /* UIImage+GLSuperCompress.m */ = {isa = PBXFileReference; lastKnownFileType = sourcecode.c.objc; path = "UIImage+GLSuperCompress.m"; sourceTree = "<group>"; };
		69E9EDD020AE778B004CC4E5 /* UILabel+GLAutoSize.h */ = {isa = PBXFileReference; lastKnownFileType = sourcecode.c.h; path = "UILabel+GLAutoSize.h"; sourceTree = "<group>"; };
		69E9EDD120AE778B004CC4E5 /* UILabel+GLAutoSize.m */ = {isa = PBXFileReference; lastKnownFileType = sourcecode.c.objc; path = "UILabel+GLAutoSize.m"; sourceTree = "<group>"; };
		69E9EDD420AE7830004CC4E5 /* UINavigationController+GLStackManager.h */ = {isa = PBXFileReference; lastKnownFileType = sourcecode.c.h; path = "UINavigationController+GLStackManager.h"; sourceTree = "<group>"; };
		69E9EDD520AE7830004CC4E5 /* UINavigationController+GLStackManager.m */ = {isa = PBXFileReference; lastKnownFileType = sourcecode.c.objc; path = "UINavigationController+GLStackManager.m"; sourceTree = "<group>"; };
		69E9EDD720AE789B004CC4E5 /* UIView+JKAnimation.h */ = {isa = PBXFileReference; fileEncoding = 4; lastKnownFileType = sourcecode.c.h; path = "UIView+JKAnimation.h"; sourceTree = "<group>"; };
		69E9EDD820AE789B004CC4E5 /* UIView+JKAnimation.m */ = {isa = PBXFileReference; fileEncoding = 4; lastKnownFileType = sourcecode.c.objc; path = "UIView+JKAnimation.m"; sourceTree = "<group>"; };
		69E9EDDA20AE78AD004CC4E5 /* UIView+JKNib.m */ = {isa = PBXFileReference; fileEncoding = 4; lastKnownFileType = sourcecode.c.objc; path = "UIView+JKNib.m"; sourceTree = "<group>"; };
		69E9EDDB20AE78AD004CC4E5 /* UIView+JKNib.h */ = {isa = PBXFileReference; fileEncoding = 4; lastKnownFileType = sourcecode.c.h; path = "UIView+JKNib.h"; sourceTree = "<group>"; };
		69E9EDDD20AE78C1004CC4E5 /* UIView+JKBlockGesture.h */ = {isa = PBXFileReference; fileEncoding = 4; lastKnownFileType = sourcecode.c.h; path = "UIView+JKBlockGesture.h"; sourceTree = "<group>"; };
		69E9EDDE20AE78C1004CC4E5 /* UIView+JKBlockGesture.m */ = {isa = PBXFileReference; fileEncoding = 4; lastKnownFileType = sourcecode.c.objc; path = "UIView+JKBlockGesture.m"; sourceTree = "<group>"; };
		69E9EDE120AE7970004CC4E5 /* NSString+JKSize.m */ = {isa = PBXFileReference; fileEncoding = 4; lastKnownFileType = sourcecode.c.objc; path = "NSString+JKSize.m"; sourceTree = "<group>"; };
		69E9EDE220AE7970004CC4E5 /* NSString+JKSize.h */ = {isa = PBXFileReference; fileEncoding = 4; lastKnownFileType = sourcecode.c.h; path = "NSString+JKSize.h"; sourceTree = "<group>"; };
		69E9EDE420AE7980004CC4E5 /* NSString+JKRemoveEmoji.m */ = {isa = PBXFileReference; fileEncoding = 4; lastKnownFileType = sourcecode.c.objc; path = "NSString+JKRemoveEmoji.m"; sourceTree = "<group>"; };
		69E9EDE520AE7980004CC4E5 /* NSString+JKRemoveEmoji.h */ = {isa = PBXFileReference; fileEncoding = 4; lastKnownFileType = sourcecode.c.h; path = "NSString+JKRemoveEmoji.h"; sourceTree = "<group>"; };
		69EA5CFA205A7794004CFB64 /* MBProgressHUD+XY.h */ = {isa = PBXFileReference; fileEncoding = 4; lastKnownFileType = sourcecode.c.h; path = "MBProgressHUD+XY.h"; sourceTree = "<group>"; };
		69EA5CFB205A7794004CFB64 /* MBProgressHUD+XY.m */ = {isa = PBXFileReference; fileEncoding = 4; lastKnownFileType = sourcecode.c.objc; path = "MBProgressHUD+XY.m"; sourceTree = "<group>"; };
		69EA5CFE205A7806004CFB64 /* UITabBar+CustomBadge.m */ = {isa = PBXFileReference; fileEncoding = 4; lastKnownFileType = sourcecode.c.objc; path = "UITabBar+CustomBadge.m"; sourceTree = "<group>"; };
		69EA5CFF205A7806004CFB64 /* GLTabBar.h */ = {isa = PBXFileReference; fileEncoding = 4; lastKnownFileType = sourcecode.c.h; path = GLTabBar.h; sourceTree = "<group>"; };
		69EA5D00205A7806004CFB64 /* UITabBar+CustomBadge.h */ = {isa = PBXFileReference; fileEncoding = 4; lastKnownFileType = sourcecode.c.h; path = "UITabBar+CustomBadge.h"; sourceTree = "<group>"; };
		69EA5D01205A7806004CFB64 /* GLTabBar.m */ = {isa = PBXFileReference; fileEncoding = 4; lastKnownFileType = sourcecode.c.objc; path = GLTabBar.m; sourceTree = "<group>"; };
		7AE287DE7A9D2EBC1CB186C6 /* libPods-ProjectTemplate.a */ = {isa = PBXFileReference; explicitFileType = archive.ar; includeInIndex = 0; path = "libPods-ProjectTemplate.a"; sourceTree = BUILT_PRODUCTS_DIR; };
		E65077DBE6EF1EDF16BEE370 /* Pods-ProjectTemplate.release.xcconfig */ = {isa = PBXFileReference; includeInIndex = 1; lastKnownFileType = text.xcconfig; name = "Pods-ProjectTemplate.release.xcconfig"; path = "Pods/Target Support Files/Pods-ProjectTemplate/Pods-ProjectTemplate.release.xcconfig"; sourceTree = "<group>"; };
/* End PBXFileReference section */

/* Begin PBXFrameworksBuildPhase section */
		6943E9131FE21B60007D4825 /* Frameworks */ = {
			isa = PBXFrameworksBuildPhase;
			buildActionMask = 2147483647;
			files = (
				D406E996985F44771F4852FB /* libPods-ProjectTemplate.a in Frameworks */,
			);
			runOnlyForDeploymentPostprocessing = 0;
		};
		6943E92B1FE21B61007D4825 /* Frameworks */ = {
			isa = PBXFrameworksBuildPhase;
			buildActionMask = 2147483647;
			files = (
			);
			runOnlyForDeploymentPostprocessing = 0;
		};
		6943E9361FE21B61007D4825 /* Frameworks */ = {
			isa = PBXFrameworksBuildPhase;
			buildActionMask = 2147483647;
			files = (
			);
			runOnlyForDeploymentPostprocessing = 0;
		};
/* End PBXFrameworksBuildPhase section */

/* Begin PBXGroup section */
		0EA94BB8F144981F9BBEFC86 /* Frameworks */ = {
			isa = PBXGroup;
			children = (
				7AE287DE7A9D2EBC1CB186C6 /* libPods-ProjectTemplate.a */,
			);
			name = Frameworks;
			sourceTree = "<group>";
		};
		6943E90D1FE21B60007D4825 = {
			isa = PBXGroup;
			children = (
				6943E9181FE21B60007D4825 /* ProjectTemplate */,
				6943E9311FE21B61007D4825 /* ProjectTemplateTests */,
				6943E93C1FE21B61007D4825 /* ProjectTemplateUITests */,
				6943E9171FE21B60007D4825 /* Products */,
				C5FA445B42F3AA0627BFE372 /* Pods */,
				0EA94BB8F144981F9BBEFC86 /* Frameworks */,
			);
			sourceTree = "<group>";
		};
		6943E9171FE21B60007D4825 /* Products */ = {
			isa = PBXGroup;
			children = (
				6943E9161FE21B60007D4825 /* ProjectTemplate.app */,
				6943E92E1FE21B61007D4825 /* ProjectTemplateTests.xctest */,
				6943E9391FE21B61007D4825 /* ProjectTemplateUITests.xctest */,
			);
			name = Products;
			sourceTree = "<group>";
		};
		6943E9181FE21B60007D4825 /* ProjectTemplate */ = {
			isa = PBXGroup;
			children = (
				69C2626B1FE906390077A2EE /* AppDelegate(入口) */,
				69C262641FE906070077A2EE /* Modules(页面) */,
				69C2625E1FE9042E0077A2EE /* Utils(工具) */,
				69C2624B1FE8F5440077A2EE /* Base(父类) */,
				69C2624A1FE8F5300077A2EE /* ThridParty(第三方) */,
				69C262441FE8F4020077A2EE /* Define(定义) */,
				69C262431FE8F3F40077A2EE /* Resource(资源) */,
				69C262411FE8F2990077A2EE /* Supporting Files(支持文件) */,
				6943E91C1FE21B61007D4825 /* ViewController.h */,
				6943E91D1FE21B61007D4825 /* ViewController.m */,
				6943E91F1FE21B61007D4825 /* Main.storyboard */,
				6943E9241FE21B61007D4825 /* LaunchScreen.storyboard */,
			);
			path = ProjectTemplate;
			sourceTree = "<group>";
		};
		6943E9311FE21B61007D4825 /* ProjectTemplateTests */ = {
			isa = PBXGroup;
			children = (
				6943E9321FE21B61007D4825 /* ProjectTemplateTests.m */,
				6943E9341FE21B61007D4825 /* Info.plist */,
			);
			path = ProjectTemplateTests;
			sourceTree = "<group>";
		};
		6943E93C1FE21B61007D4825 /* ProjectTemplateUITests */ = {
			isa = PBXGroup;
			children = (
				6943E93D1FE21B61007D4825 /* ProjectTemplateUITests.m */,
				6943E93F1FE21B61007D4825 /* Info.plist */,
			);
			path = ProjectTemplateUITests;
			sourceTree = "<group>";
		};
		697064FE2117EF0A00913C85 /* NSArray */ = {
			isa = PBXGroup;
			children = (
			);
			path = NSArray;
			sourceTree = "<group>";
		};
		697064FF2117EF1700913C85 /* NSDictionary */ = {
			isa = PBXGroup;
			children = (
			);
			path = NSDictionary;
			sourceTree = "<group>";
		};
		697065002117F2F800913C85 /* SandBoxHelper */ = {
			isa = PBXGroup;
			children = (
				697065012117F31200913C85 /* SandBoxHelper.h */,
				697065022117F31200913C85 /* SandBoxHelper.m */,
			);
			path = SandBoxHelper;
			sourceTree = "<group>";
		};
		697065042118341200913C85 /* SafeObject */ = {
			isa = PBXGroup;
			children = (
				69706505211834F900913C85 /* NSObject+Swizzling.h */,
				69706506211834F900913C85 /* NSObject+Swizzling.m */,
				69706508211836D000913C85 /* NSObject+ImpChangeTool.h */,
				69706509211836D000913C85 /* NSObject+ImpChangeTool.m */,
				6970650B211839BA00913C85 /* NSArray+Safe.h */,
				6970650C211839BA00913C85 /* NSArray+Safe.m */,
				6970650E211846BF00913C85 /* NSMutableArray+Safe.h */,
				6970650F211846BF00913C85 /* NSMutableArray+Safe.m */,
				697065112118506100913C85 /* NSDictionary+Safe.h */,
				697065122118506200913C85 /* NSDictionary+Safe.m */,
				69706514211853D400913C85 /* NSMutableDictionary+Safe.h */,
				69706515211853D400913C85 /* NSMutableDictionary+Safe.m */,
				697065172119242700913C85 /* NSMutableString+Safe.h */,
				697065182119242700913C85 /* NSMutableString+Safe.m */,
			);
			path = SafeObject;
			sourceTree = "<group>";
		};
		69C262411FE8F2990077A2EE /* Supporting Files(支持文件) */ = {
			isa = PBXGroup;
			children = (
				6943E9281FE21B61007D4825 /* main.m */,
				6943E9271FE21B61007D4825 /* Info.plist */,
				6943E9221FE21B61007D4825 /* Assets.xcassets */,
				69C262591FE8FB650077A2EE /* PrefixHeader.pch */,
			);
			path = "Supporting Files(支持文件)";
			sourceTree = "<group>";
		};
		69C262431FE8F3F40077A2EE /* Resource(资源) */ = {
			isa = PBXGroup;
			children = (
			);
			path = "Resource(资源)";
			sourceTree = "<group>";
		};
		69C262441FE8F4020077A2EE /* Define(定义) */ = {
			isa = PBXGroup;
			children = (
				69C262451FE8F4170077A2EE /* UtilsMacros.h */,
				69C262481FE8F4170077A2EE /* URLMacros.h */,
				69C262491FE8F4180077A2EE /* CommonMacros.h */,
				69C262471FE8F4170077A2EE /* FontAndColorMacros.h */,
				69C262461FE8F4170077A2EE /* ThirdMacros.h */,
			);
			path = "Define(定义)";
			sourceTree = "<group>";
		};
		69C2624A1FE8F5300077A2EE /* ThridParty(第三方) */ = {
			isa = PBXGroup;
			children = (
			);
			path = "ThridParty(第三方)";
			sourceTree = "<group>";
		};
		69C2624B1FE8F5440077A2EE /* Base(父类) */ = {
			isa = PBXGroup;
			children = (
				69C2629C1FE9100B0077A2EE /* MainTabBarController */,
				69C2625A1FE901BA0077A2EE /* NavigationController */,
				69C262501FE8F5E90077A2EE /* BaseViewController */,
				69C2624C1FE8F55F0077A2EE /* BaseTopLeftLabel */,
			);
			path = "Base(父类)";
			sourceTree = "<group>";
		};
		69C2624C1FE8F55F0077A2EE /* BaseTopLeftLabel */ = {
			isa = PBXGroup;
			children = (
				69C2624D1FE8F58F0077A2EE /* BaseTopLeftLabel.h */,
				69C2624E1FE8F58F0077A2EE /* BaseTopLeftLabel.m */,
			);
			path = BaseTopLeftLabel;
			sourceTree = "<group>";
		};
		69C262501FE8F5E90077A2EE /* BaseViewController */ = {
			isa = PBXGroup;
			children = (
				69C262561FE8F61F0077A2EE /* BaseViewController.h */,
				69C262571FE8F61F0077A2EE /* BaseViewController.m */,
			);
			path = BaseViewController;
			sourceTree = "<group>";
		};
		69C2625A1FE901BA0077A2EE /* NavigationController */ = {
			isa = PBXGroup;
			children = (
				69C2625B1FE901F90077A2EE /* BaseNavigationViewController.h */,
				69C2625C1FE901F90077A2EE /* BaseNavigationViewController.m */,
			);
			path = NavigationController;
			sourceTree = "<group>";
		};
		69C2625E1FE9042E0077A2EE /* Utils(工具) */ = {
			isa = PBXGroup;
			children = (
				69EA5CF9205A7794004CFB64 /* MBProgressHUD+XY */,
				69C262701FE908B90077A2EE /* UIKit */,
				69C2626F1FE908A80077A2EE /* Foundation */,
				69C2625F1FE904500077A2EE /* XYTransition */,
			);
			path = "Utils(工具)";
			sourceTree = "<group>";
		};
		69C2625F1FE904500077A2EE /* XYTransition */ = {
			isa = PBXGroup;
			children = (
				69C262601FE904500077A2EE /* XYTransition.h */,
				69C262611FE904500077A2EE /* XYTransition.m */,
				69C262621FE904500077A2EE /* XYTransitionProtocol.h */,
			);
			path = XYTransition;
			sourceTree = "<group>";
		};
		69C262641FE906070077A2EE /* Modules(页面) */ = {
			isa = PBXGroup;
			children = (
				69C262651FE906330077A2EE /* Home(首页) */,
			);
			path = "Modules(页面)";
			sourceTree = "<group>";
		};
		69C262651FE906330077A2EE /* Home(首页) */ = {
			isa = PBXGroup;
			children = (
				69C262661FE906330077A2EE /* Logic */,
				69C262671FE906330077A2EE /* Controller */,
				69C262681FE906330077A2EE /* Model */,
				69C262691FE906330077A2EE /* View */,
				69C2626A1FE906330077A2EE /* Resource */,
			);
			path = "Home(首页)";
			sourceTree = "<group>";
		};
		69C262661FE906330077A2EE /* Logic */ = {
			isa = PBXGroup;
			children = (
			);
			path = Logic;
			sourceTree = "<group>";
		};
		69C262671FE906330077A2EE /* Controller */ = {
			isa = PBXGroup;
			children = (
			);
			path = Controller;
			sourceTree = "<group>";
		};
		69C262681FE906330077A2EE /* Model */ = {
			isa = PBXGroup;
			children = (
			);
			path = Model;
			sourceTree = "<group>";
		};
		69C262691FE906330077A2EE /* View */ = {
			isa = PBXGroup;
			children = (
			);
			path = View;
			sourceTree = "<group>";
		};
		69C2626A1FE906330077A2EE /* Resource */ = {
			isa = PBXGroup;
			children = (
			);
			path = Resource;
			sourceTree = "<group>";
		};
		69C2626B1FE906390077A2EE /* AppDelegate(入口) */ = {
			isa = PBXGroup;
			children = (
				6943E9191FE21B60007D4825 /* AppDelegate.h */,
				6943E91A1FE21B61007D4825 /* AppDelegate.m */,
				69C2626C1FE906650077A2EE /* AppDelegate+AppService.h */,
				69C2626D1FE906650077A2EE /* AppDelegate+AppService.m */,
			);
			path = "AppDelegate(入口)";
			sourceTree = "<group>";
		};
		69C2626F1FE908A80077A2EE /* Foundation */ = {
			isa = PBXGroup;
			children = (
				697065042118341200913C85 /* SafeObject */,
				697065002117F2F800913C85 /* SandBoxHelper */,
				697064FF2117EF1700913C85 /* NSDictionary */,
				697064FE2117EF0A00913C85 /* NSArray */,
				69C262911FE90CEE0077A2EE /* NSData */,
				69C262711FE908CB0077A2EE /* NSString */,
			);
			path = Foundation;
			sourceTree = "<group>";
		};
		69C262701FE908B90077A2EE /* UIKit */ = {
			isa = PBXGroup;
			children = (
				69E9EDD320AE7803004CC4E5 /* UINavigationController */,
				69E9EDC820AE7648004CC4E5 /* UIImage */,
				69E9EDC420AE7458004CC4E5 /* UIDevice */,
				69E9EDB120AE7312004CC4E5 /* UIColor */,
				69E9EDAD20AE72EF004CC4E5 /* UIImageView */,
				69E9EDA620AE7271004CC4E5 /* UITextField */,
				69E9ED9920AE6F6F004CC4E5 /* UIScrollView */,
				69E9ED9520AE6F37004CC4E5 /* UITextView */,
				69C262A01FE910BC0077A2EE /* UIView */,
				69C262951FE90D2B0077A2EE /* UILabel */,
				69C262841FE90C520077A2EE /* UICollectionView */,
				69C262801FE90BFE0077A2EE /* UIViewController */,
				69C2627C1FE90AF40077A2EE /* UIButton */,
			);
			path = UIKit;
			sourceTree = "<group>";
		};
		69C262711FE908CB0077A2EE /* NSString */ = {
			isa = PBXGroup;
			children = (
				69E9EDE520AE7980004CC4E5 /* NSString+JKRemoveEmoji.h */,
				69E9EDE420AE7980004CC4E5 /* NSString+JKRemoveEmoji.m */,
				69E9EDE220AE7970004CC4E5 /* NSString+JKSize.h */,
				69E9EDE120AE7970004CC4E5 /* NSString+JKSize.m */,
				69C2628B1FE90C940077A2EE /* NSString+Regular.h */,
				69C2628C1FE90C940077A2EE /* NSString+Regular.m */,
				69C2628E1FE90CD90077A2EE /* NSString+Beck.h */,
				69C2628F1FE90CD90077A2EE /* NSString+Beck.m */,
				69C262751FE909300077A2EE /* MD5加密 */,
			);
			path = NSString;
			sourceTree = "<group>";
		};
		69C262751FE909300077A2EE /* MD5加密 */ = {
			isa = PBXGroup;
			children = (
				69C262761FE909C60077A2EE /* NSString+MD5.h */,
				69C262771FE909C60077A2EE /* NSString+MD5.m */,
			);
			path = "MD5加密";
			sourceTree = "<group>";
		};
		69C2627C1FE90AF40077A2EE /* UIButton */ = {
			isa = PBXGroup;
			children = (
				69C2627D1FE90B200077A2EE /* UIButton+AddBlock.h */,
				69C2627E1FE90B200077A2EE /* UIButton+AddBlock.m */,
				69C262881FE90C6A0077A2EE /* UIButton+Extension.h */,
				69C262891FE90C6A0077A2EE /* UIButton+Extension.m */,
				69C262991FE90E1F0077A2EE /* UIButton+EnlargeEdge.h */,
				69C2629A1FE90E1F0077A2EE /* UIButton+EnlargeEdge.m */,
				69E9ED9320AE6F1B004CC4E5 /* UIButton+CancelHighlight.h */,
				69E9ED9220AE6F1B004CC4E5 /* UIButton+CancelHighlight.m */,
				69E9EDA020AE70EF004CC4E5 /* UIButton+GLImagePosition.h */,
				69E9EDA120AE70EF004CC4E5 /* UIButton+GLImagePosition.m */,
				69E9EDA320AE71EF004CC4E5 /* UIButton+GLCountDown.h */,
				69E9EDA420AE71EF004CC4E5 /* UIButton+GLCountDown.m */,
			);
			path = UIButton;
			sourceTree = "<group>";
		};
		69C262801FE90BFE0077A2EE /* UIViewController */ = {
			isa = PBXGroup;
			children = (
				69C262811FE90C1B0077A2EE /* UIViewController+AlertViewAndActionSheet.h */,
				69C262821FE90C1B0077A2EE /* UIViewController+AlertViewAndActionSheet.m */,
			);
			path = UIViewController;
			sourceTree = "<group>";
		};
		69C262841FE90C520077A2EE /* UICollectionView */ = {
			isa = PBXGroup;
			children = (
				69C262851FE90C5C0077A2EE /* UICollectionView+IndexPath.h */,
				69C262861FE90C5C0077A2EE /* UICollectionView+IndexPath.m */,
			);
			path = UICollectionView;
			sourceTree = "<group>";
		};
		69C262911FE90CEE0077A2EE /* NSData */ = {
			isa = PBXGroup;
			children = (
				69C262921FE90CFF0077A2EE /* NSData+Base64.h */,
				69C262931FE90CFF0077A2EE /* NSData+Base64.m */,
			);
			path = NSData;
			sourceTree = "<group>";
		};
		69C262951FE90D2B0077A2EE /* UILabel */ = {
			isa = PBXGroup;
			children = (
				69C262961FE90D390077A2EE /* UILabel+Beck.h */,
				69C262971FE90D390077A2EE /* UILabel+Beck.m */,
				69E9EDD020AE778B004CC4E5 /* UILabel+GLAutoSize.h */,
				69E9EDD120AE778B004CC4E5 /* UILabel+GLAutoSize.m */,
			);
			path = UILabel;
			sourceTree = "<group>";
		};
		69C2629C1FE9100B0077A2EE /* MainTabBarController */ = {
			isa = PBXGroup;
			children = (
				69EA5CFD205A7806004CFB64 /* TabBarView */,
				69C2629D1FE9103E0077A2EE /* MainTabBarController.h */,
				69C2629E1FE9103E0077A2EE /* MainTabBarController.m */,
			);
			path = MainTabBarController;
			sourceTree = "<group>";
		};
		69C262A01FE910BC0077A2EE /* UIView */ = {
			isa = PBXGroup;
			children = (
				69C262A11FE910C80077A2EE /* UIView+Extension.h */,
				69C262A21FE910C80077A2EE /* UIView+Extension.m */,
				69E9EDD720AE789B004CC4E5 /* UIView+JKAnimation.h */,
				69E9EDD820AE789B004CC4E5 /* UIView+JKAnimation.m */,
				69E9EDDB20AE78AD004CC4E5 /* UIView+JKNib.h */,
				69E9EDDA20AE78AD004CC4E5 /* UIView+JKNib.m */,
				69E9EDDD20AE78C1004CC4E5 /* UIView+JKBlockGesture.h */,
				69E9EDDE20AE78C1004CC4E5 /* UIView+JKBlockGesture.m */,
			);
			path = UIView;
			sourceTree = "<group>";
		};
		69E9ED9520AE6F37004CC4E5 /* UITextView */ = {
			isa = PBXGroup;
			children = (
				69E9ED9720AE6F4E004CC4E5 /* UITextView+PlaceHolder.h */,
				69E9ED9620AE6F4D004CC4E5 /* UITextView+PlaceHolder.m */,
			);
			path = UITextView;
			sourceTree = "<group>";
		};
		69E9ED9920AE6F6F004CC4E5 /* UIScrollView */ = {
			isa = PBXGroup;
			children = (
				69E9ED9D20AE6FC3004CC4E5 /* UIScrollView+Direction.h */,
				69E9ED9E20AE6FC3004CC4E5 /* UIScrollView+Direction.m */,
				69E9ED9A20AE6F7B004CC4E5 /* UIScrollView+APParallaxHeader.h */,
				69E9ED9B20AE6F7B004CC4E5 /* UIScrollView+APParallaxHeader.m */,
			);
			path = UIScrollView;
			sourceTree = "<group>";
		};
		69E9EDA620AE7271004CC4E5 /* UITextField */ = {
			isa = PBXGroup;
			children = (
				69E9EDA820AE727D004CC4E5 /* UITextField+JKHistory.h */,
				69E9EDA720AE727D004CC4E5 /* UITextField+JKHistory.m */,
				69E9EDAA20AE729F004CC4E5 /* UITextField+JKBlocks.h */,
				69E9EDAB20AE729F004CC4E5 /* UITextField+JKBlocks.m */,
			);
			path = UITextField;
			sourceTree = "<group>";
		};
		69E9EDAD20AE72EF004CC4E5 /* UIImageView */ = {
			isa = PBXGroup;
			children = (
				69E9EDAF20AE72FF004CC4E5 /* UIImageView+JKAddition.h */,
				69E9EDAE20AE72FF004CC4E5 /* UIImageView+JKAddition.m */,
			);
			path = UIImageView;
			sourceTree = "<group>";
		};
		69E9EDB120AE7312004CC4E5 /* UIColor */ = {
			isa = PBXGroup;
			children = (
				69E9EDBB20AE73D7004CC4E5 /* UIColor+GLRandom.h */,
				69E9EDBC20AE73D7004CC4E5 /* UIColor+GLRandom.m */,
				69E9EDBE20AE73F6004CC4E5 /* UIColor+GLGradient.h */,
				69E9EDBF20AE73F6004CC4E5 /* UIColor+GLGradient.m */,
				69E9EDC120AE7419004CC4E5 /* UIColor+GLWeb.h */,
				69E9EDC220AE7419004CC4E5 /* UIColor+GLWeb.m */,
			);
			path = UIColor;
			sourceTree = "<group>";
		};
		69E9EDC420AE7458004CC4E5 /* UIDevice */ = {
			isa = PBXGroup;
			children = (
				69E9EDC520AE7471004CC4E5 /* UIDevice+GLHardware.h */,
				69E9EDC620AE7471004CC4E5 /* UIDevice+GLHardware.m */,
			);
			path = UIDevice;
			sourceTree = "<group>";
		};
		69E9EDC820AE7648004CC4E5 /* UIImage */ = {
			isa = PBXGroup;
			children = (
				69E9EDCA20AE7659004CC4E5 /* UIImage+JKRemoteSize.h */,
				69E9EDC920AE7659004CC4E5 /* UIImage+JKRemoteSize.m */,
				69E9EDCC20AE76AD004CC4E5 /* UIImage+GLSuperCompress.h */,
				69E9EDCD20AE76AD004CC4E5 /* UIImage+GLSuperCompress.m */,
			);
			path = UIImage;
			sourceTree = "<group>";
		};
		69E9EDD320AE7803004CC4E5 /* UINavigationController */ = {
			isa = PBXGroup;
			children = (
				69E9EDD420AE7830004CC4E5 /* UINavigationController+GLStackManager.h */,
				69E9EDD520AE7830004CC4E5 /* UINavigationController+GLStackManager.m */,
			);
			path = UINavigationController;
			sourceTree = "<group>";
		};
		69EA5CF9205A7794004CFB64 /* MBProgressHUD+XY */ = {
			isa = PBXGroup;
			children = (
				69EA5CFA205A7794004CFB64 /* MBProgressHUD+XY.h */,
				69EA5CFB205A7794004CFB64 /* MBProgressHUD+XY.m */,
			);
			path = "MBProgressHUD+XY";
			sourceTree = "<group>";
		};
		69EA5CFD205A7806004CFB64 /* TabBarView */ = {
			isa = PBXGroup;
			children = (
				69EA5CFE205A7806004CFB64 /* UITabBar+CustomBadge.m */,
				69EA5CFF205A7806004CFB64 /* GLTabBar.h */,
				69EA5D00205A7806004CFB64 /* UITabBar+CustomBadge.h */,
				69EA5D01205A7806004CFB64 /* GLTabBar.m */,
			);
			path = TabBarView;
			sourceTree = "<group>";
		};
		C5FA445B42F3AA0627BFE372 /* Pods */ = {
			isa = PBXGroup;
			children = (
				010E8736E291F7EBB17DF4B1 /* Pods-ProjectTemplate.debug.xcconfig */,
				E65077DBE6EF1EDF16BEE370 /* Pods-ProjectTemplate.release.xcconfig */,
			);
			name = Pods;
			sourceTree = "<group>";
		};
/* End PBXGroup section */

/* Begin PBXNativeTarget section */
		6943E9151FE21B60007D4825 /* ProjectTemplate */ = {
			isa = PBXNativeTarget;
			buildConfigurationList = 6943E9421FE21B61007D4825 /* Build configuration list for PBXNativeTarget "ProjectTemplate" */;
			buildPhases = (
				8351334C2EB65CEF415AD52D /* [CP] Check Pods Manifest.lock */,
				6943E9121FE21B60007D4825 /* Sources */,
				6943E9131FE21B60007D4825 /* Frameworks */,
				6943E9141FE21B60007D4825 /* Resources */,
				EC6A40E96B305F3ADB0FBB4B /* [CP] Copy Pods Resources */,
			);
			buildRules = (
			);
			dependencies = (
			);
			name = ProjectTemplate;
			productName = ProjectTemplate;
			productReference = 6943E9161FE21B60007D4825 /* ProjectTemplate.app */;
			productType = "com.apple.product-type.application";
		};
		6943E92D1FE21B61007D4825 /* ProjectTemplateTests */ = {
			isa = PBXNativeTarget;
			buildConfigurationList = 6943E9451FE21B61007D4825 /* Build configuration list for PBXNativeTarget "ProjectTemplateTests" */;
			buildPhases = (
				6943E92A1FE21B61007D4825 /* Sources */,
				6943E92B1FE21B61007D4825 /* Frameworks */,
				6943E92C1FE21B61007D4825 /* Resources */,
			);
			buildRules = (
			);
			dependencies = (
				6943E9301FE21B61007D4825 /* PBXTargetDependency */,
			);
			name = ProjectTemplateTests;
			productName = ProjectTemplateTests;
			productReference = 6943E92E1FE21B61007D4825 /* ProjectTemplateTests.xctest */;
			productType = "com.apple.product-type.bundle.unit-test";
		};
		6943E9381FE21B61007D4825 /* ProjectTemplateUITests */ = {
			isa = PBXNativeTarget;
			buildConfigurationList = 6943E9481FE21B61007D4825 /* Build configuration list for PBXNativeTarget "ProjectTemplateUITests" */;
			buildPhases = (
				6943E9351FE21B61007D4825 /* Sources */,
				6943E9361FE21B61007D4825 /* Frameworks */,
				6943E9371FE21B61007D4825 /* Resources */,
			);
			buildRules = (
			);
			dependencies = (
				6943E93B1FE21B61007D4825 /* PBXTargetDependency */,
			);
			name = ProjectTemplateUITests;
			productName = ProjectTemplateUITests;
			productReference = 6943E9391FE21B61007D4825 /* ProjectTemplateUITests.xctest */;
			productType = "com.apple.product-type.bundle.ui-testing";
		};
/* End PBXNativeTarget section */

/* Begin PBXProject section */
		6943E90E1FE21B60007D4825 /* Project object */ = {
			isa = PBXProject;
			attributes = {
				LastUpgradeCheck = 0910;
				ORGANIZATIONNAME = guolei;
				TargetAttributes = {
					6943E9151FE21B60007D4825 = {
						CreatedOnToolsVersion = 9.1;
						ProvisioningStyle = Automatic;
					};
					6943E92D1FE21B61007D4825 = {
						CreatedOnToolsVersion = 9.1;
						ProvisioningStyle = Automatic;
						TestTargetID = 6943E9151FE21B60007D4825;
					};
					6943E9381FE21B61007D4825 = {
						CreatedOnToolsVersion = 9.1;
						ProvisioningStyle = Automatic;
						TestTargetID = 6943E9151FE21B60007D4825;
					};
				};
			};
			buildConfigurationList = 6943E9111FE21B60007D4825 /* Build configuration list for PBXProject "ProjectTemplate" */;
			compatibilityVersion = "Xcode 8.0";
			developmentRegion = en;
			hasScannedForEncodings = 0;
			knownRegions = (
				en,
				Base,
			);
			mainGroup = 6943E90D1FE21B60007D4825;
			productRefGroup = 6943E9171FE21B60007D4825 /* Products */;
			projectDirPath = "";
			projectRoot = "";
			targets = (
				6943E9151FE21B60007D4825 /* ProjectTemplate */,
				6943E92D1FE21B61007D4825 /* ProjectTemplateTests */,
				6943E9381FE21B61007D4825 /* ProjectTemplateUITests */,
			);
		};
/* End PBXProject section */

/* Begin PBXResourcesBuildPhase section */
		6943E9141FE21B60007D4825 /* Resources */ = {
			isa = PBXResourcesBuildPhase;
			buildActionMask = 2147483647;
			files = (
				6943E9261FE21B61007D4825 /* LaunchScreen.storyboard in Resources */,
				6943E9231FE21B61007D4825 /* Assets.xcassets in Resources */,
				6943E9211FE21B61007D4825 /* Main.storyboard in Resources */,
			);
			runOnlyForDeploymentPostprocessing = 0;
		};
		6943E92C1FE21B61007D4825 /* Resources */ = {
			isa = PBXResourcesBuildPhase;
			buildActionMask = 2147483647;
			files = (
			);
			runOnlyForDeploymentPostprocessing = 0;
		};
		6943E9371FE21B61007D4825 /* Resources */ = {
			isa = PBXResourcesBuildPhase;
			buildActionMask = 2147483647;
			files = (
			);
			runOnlyForDeploymentPostprocessing = 0;
		};
/* End PBXResourcesBuildPhase section */

/* Begin PBXShellScriptBuildPhase section */
		8351334C2EB65CEF415AD52D /* [CP] Check Pods Manifest.lock */ = {
			isa = PBXShellScriptBuildPhase;
			buildActionMask = 2147483647;
			files = (
			);
			inputPaths = (
				"${PODS_PODFILE_DIR_PATH}/Podfile.lock",
				"${PODS_ROOT}/Manifest.lock",
			);
			name = "[CP] Check Pods Manifest.lock";
			outputPaths = (
				"$(DERIVED_FILE_DIR)/Pods-ProjectTemplate-checkManifestLockResult.txt",
			);
			runOnlyForDeploymentPostprocessing = 0;
			shellPath = /bin/sh;
			shellScript = "diff \"${PODS_PODFILE_DIR_PATH}/Podfile.lock\" \"${PODS_ROOT}/Manifest.lock\" > /dev/null\nif [ $? != 0 ] ; then\n    # print error to STDERR\n    echo \"error: The sandbox is not in sync with the Podfile.lock. Run 'pod install' or update your CocoaPods installation.\" >&2\n    exit 1\nfi\n# This output is used by Xcode 'outputs' to avoid re-running this script phase.\necho \"SUCCESS\" > \"${SCRIPT_OUTPUT_FILE_0}\"\n";
			showEnvVarsInLog = 0;
		};
		EC6A40E96B305F3ADB0FBB4B /* [CP] Copy Pods Resources */ = {
			isa = PBXShellScriptBuildPhase;
			buildActionMask = 2147483647;
			files = (
			);
			inputPaths = (
				"${SRCROOT}/Pods/Target Support Files/Pods-ProjectTemplate/Pods-ProjectTemplate-resources.sh",
				"${PODS_ROOT}/MJRefresh/MJRefresh/MJRefresh.bundle",
			);
			name = "[CP] Copy Pods Resources";
			outputPaths = (
				"${TARGET_BUILD_DIR}/${UNLOCALIZED_RESOURCES_FOLDER_PATH}/MJRefresh.bundle",
			);
			runOnlyForDeploymentPostprocessing = 0;
			shellPath = /bin/sh;
			shellScript = "\"${SRCROOT}/Pods/Target Support Files/Pods-ProjectTemplate/Pods-ProjectTemplate-resources.sh\"\n";
			showEnvVarsInLog = 0;
		};
/* End PBXShellScriptBuildPhase section */

/* Begin PBXSourcesBuildPhase section */
		6943E9121FE21B60007D4825 /* Sources */ = {
			isa = PBXSourcesBuildPhase;
			buildActionMask = 2147483647;
			files = (
				6970650A211836D000913C85 /* NSObject+ImpChangeTool.m in Sources */,
				69EA5D02205A7806004CFB64 /* UITabBar+CustomBadge.m in Sources */,
				69E9ED9F20AE6FC3004CC4E5 /* UIScrollView+Direction.m in Sources */,
				6943E91E1FE21B61007D4825 /* ViewController.m in Sources */,
				69E9EDA520AE71EF004CC4E5 /* UIButton+GLCountDown.m in Sources */,
				69E9EDCE20AE76AD004CC4E5 /* UIImage+GLSuperCompress.m in Sources */,
				69C2625D1FE901F90077A2EE /* BaseNavigationViewController.m in Sources */,
				69C262581FE8F61F0077A2EE /* BaseViewController.m in Sources */,
				697065032117F31200913C85 /* SandBoxHelper.m in Sources */,
				69C2627F1FE90B210077A2EE /* UIButton+AddBlock.m in Sources */,
				69C262871FE90C5C0077A2EE /* UICollectionView+IndexPath.m in Sources */,
				697065132118506200913C85 /* NSDictionary+Safe.m in Sources */,
				69706516211853D400913C85 /* NSMutableDictionary+Safe.m in Sources */,
				69C2629B1FE90E1F0077A2EE /* UIButton+EnlargeEdge.m in Sources */,
				69C262941FE90D000077A2EE /* NSData+Base64.m in Sources */,
				69E9EDC320AE7419004CC4E5 /* UIColor+GLWeb.m in Sources */,
				69E9EDAC20AE729F004CC4E5 /* UITextField+JKBlocks.m in Sources */,
				697065192119242700913C85 /* NSMutableString+Safe.m in Sources */,
				69E9ED9420AE6F1C004CC4E5 /* UIButton+CancelHighlight.m in Sources */,
				69E9EDDF20AE78C1004CC4E5 /* UIView+JKBlockGesture.m in Sources */,
				69706507211834F900913C85 /* NSObject+Swizzling.m in Sources */,
				69C262781FE909C60077A2EE /* NSString+MD5.m in Sources */,
				69E9EDDC20AE78AE004CC4E5 /* UIView+JKNib.m in Sources */,
				69E9EDD920AE789B004CC4E5 /* UIView+JKAnimation.m in Sources */,
				69C2628D1FE90C950077A2EE /* NSString+Regular.m in Sources */,
				6970650D211839BA00913C85 /* NSArray+Safe.m in Sources */,
				69C262901FE90CD90077A2EE /* NSString+Beck.m in Sources */,
				69C262A31FE910C80077A2EE /* UIView+Extension.m in Sources */,
				69EA5CFC205A7794004CFB64 /* MBProgressHUD+XY.m in Sources */,
				6943E9291FE21B61007D4825 /* main.m in Sources */,
				69C2626E1FE906650077A2EE /* AppDelegate+AppService.m in Sources */,
				69706510211846C000913C85 /* NSMutableArray+Safe.m in Sources */,
				69E9EDC020AE73F6004CC4E5 /* UIColor+GLGradient.m in Sources */,
				69E9EDA220AE70EF004CC4E5 /* UIButton+GLImagePosition.m in Sources */,
				69C2629F1FE9103E0077A2EE /* MainTabBarController.m in Sources */,
				69E9EDE620AE7980004CC4E5 /* NSString+JKRemoveEmoji.m in Sources */,
				69C2624F1FE8F58F0077A2EE /* BaseTopLeftLabel.m in Sources */,
				69EA5D03205A7806004CFB64 /* GLTabBar.m in Sources */,
				69E9EDBD20AE73D7004CC4E5 /* UIColor+GLRandom.m in Sources */,
				69C262631FE904500077A2EE /* XYTransition.m in Sources */,
				69E9EDA920AE727D004CC4E5 /* UITextField+JKHistory.m in Sources */,
				69E9ED9C20AE6F7B004CC4E5 /* UIScrollView+APParallaxHeader.m in Sources */,
				69C262981FE90D390077A2EE /* UILabel+Beck.m in Sources */,
				69E9EDD220AE778B004CC4E5 /* UILabel+GLAutoSize.m in Sources */,
				69E9EDE320AE7971004CC4E5 /* NSString+JKSize.m in Sources */,
				69E9EDC720AE7471004CC4E5 /* UIDevice+GLHardware.m in Sources */,
				69E9EDB020AE72FF004CC4E5 /* UIImageView+JKAddition.m in Sources */,
				69E9ED9820AE6F4E004CC4E5 /* UITextView+PlaceHolder.m in Sources */,
				69E9EDD620AE7830004CC4E5 /* UINavigationController+GLStackManager.m in Sources */,
				69C262831FE90C1B0077A2EE /* UIViewController+AlertViewAndActionSheet.m in Sources */,
				69E9EDCB20AE7659004CC4E5 /* UIImage+JKRemoteSize.m in Sources */,
				69C2628A1FE90C6A0077A2EE /* UIButton+Extension.m in Sources */,
				6943E91B1FE21B61007D4825 /* AppDelegate.m in Sources */,
			);
			runOnlyForDeploymentPostprocessing = 0;
		};
		6943E92A1FE21B61007D4825 /* Sources */ = {
			isa = PBXSourcesBuildPhase;
			buildActionMask = 2147483647;
			files = (
				6943E9331FE21B61007D4825 /* ProjectTemplateTests.m in Sources */,
			);
			runOnlyForDeploymentPostprocessing = 0;
		};
		6943E9351FE21B61007D4825 /* Sources */ = {
			isa = PBXSourcesBuildPhase;
			buildActionMask = 2147483647;
			files = (
				6943E93E1FE21B61007D4825 /* ProjectTemplateUITests.m in Sources */,
			);
			runOnlyForDeploymentPostprocessing = 0;
		};
/* End PBXSourcesBuildPhase section */

/* Begin PBXTargetDependency section */
		6943E9301FE21B61007D4825 /* PBXTargetDependency */ = {
			isa = PBXTargetDependency;
			target = 6943E9151FE21B60007D4825 /* ProjectTemplate */;
			targetProxy = 6943E92F1FE21B61007D4825 /* PBXContainerItemProxy */;
		};
		6943E93B1FE21B61007D4825 /* PBXTargetDependency */ = {
			isa = PBXTargetDependency;
			target = 6943E9151FE21B60007D4825 /* ProjectTemplate */;
			targetProxy = 6943E93A1FE21B61007D4825 /* PBXContainerItemProxy */;
		};
/* End PBXTargetDependency section */

/* Begin PBXVariantGroup section */
		6943E91F1FE21B61007D4825 /* Main.storyboard */ = {
			isa = PBXVariantGroup;
			children = (
				6943E9201FE21B61007D4825 /* Base */,
			);
			name = Main.storyboard;
			sourceTree = "<group>";
		};
		6943E9241FE21B61007D4825 /* LaunchScreen.storyboard */ = {
			isa = PBXVariantGroup;
			children = (
				6943E9251FE21B61007D4825 /* Base */,
			);
			name = LaunchScreen.storyboard;
			sourceTree = "<group>";
		};
/* End PBXVariantGroup section */

/* Begin XCBuildConfiguration section */
		6943E9401FE21B61007D4825 /* Debug */ = {
			isa = XCBuildConfiguration;
			buildSettings = {
				ALWAYS_SEARCH_USER_PATHS = NO;
				CLANG_ANALYZER_NONNULL = YES;
				CLANG_ANALYZER_NUMBER_OBJECT_CONVERSION = YES_AGGRESSIVE;
				CLANG_CXX_LANGUAGE_STANDARD = "gnu++14";
				CLANG_CXX_LIBRARY = "libc++";
				CLANG_ENABLE_MODULES = YES;
				CLANG_ENABLE_OBJC_ARC = YES;
				CLANG_WARN_BLOCK_CAPTURE_AUTORELEASING = YES;
				CLANG_WARN_BOOL_CONVERSION = YES;
				CLANG_WARN_COMMA = YES;
				CLANG_WARN_CONSTANT_CONVERSION = YES;
				CLANG_WARN_DIRECT_OBJC_ISA_USAGE = YES_ERROR;
				CLANG_WARN_DOCUMENTATION_COMMENTS = YES;
				CLANG_WARN_EMPTY_BODY = YES;
				CLANG_WARN_ENUM_CONVERSION = YES;
				CLANG_WARN_INFINITE_RECURSION = YES;
				CLANG_WARN_INT_CONVERSION = YES;
				CLANG_WARN_NON_LITERAL_NULL_CONVERSION = YES;
				CLANG_WARN_OBJC_LITERAL_CONVERSION = YES;
				CLANG_WARN_OBJC_ROOT_CLASS = YES_ERROR;
				CLANG_WARN_RANGE_LOOP_ANALYSIS = YES;
				CLANG_WARN_STRICT_PROTOTYPES = YES;
				CLANG_WARN_SUSPICIOUS_MOVE = YES;
				CLANG_WARN_UNGUARDED_AVAILABILITY = YES_AGGRESSIVE;
				CLANG_WARN_UNREACHABLE_CODE = YES;
				CLANG_WARN__DUPLICATE_METHOD_MATCH = YES;
				CODE_SIGN_IDENTITY = "iPhone Developer";
				COPY_PHASE_STRIP = NO;
				DEBUG_INFORMATION_FORMAT = dwarf;
				ENABLE_STRICT_OBJC_MSGSEND = YES;
				ENABLE_TESTABILITY = YES;
				GCC_C_LANGUAGE_STANDARD = gnu11;
				GCC_DYNAMIC_NO_PIC = NO;
				GCC_NO_COMMON_BLOCKS = YES;
				GCC_OPTIMIZATION_LEVEL = 0;
				GCC_PREPROCESSOR_DEFINITIONS = (
					"DEBUG=1",
					"$(inherited)",
				);
				GCC_WARN_64_TO_32_BIT_CONVERSION = YES;
				GCC_WARN_ABOUT_RETURN_TYPE = YES_ERROR;
				GCC_WARN_UNDECLARED_SELECTOR = YES;
				GCC_WARN_UNINITIALIZED_AUTOS = YES_AGGRESSIVE;
				GCC_WARN_UNUSED_FUNCTION = YES;
				GCC_WARN_UNUSED_VARIABLE = YES;
				IPHONEOS_DEPLOYMENT_TARGET = 11.1;
				MTL_ENABLE_DEBUG_INFO = YES;
				ONLY_ACTIVE_ARCH = YES;
				SDKROOT = iphoneos;
			};
			name = Debug;
		};
		6943E9411FE21B61007D4825 /* Release */ = {
			isa = XCBuildConfiguration;
			buildSettings = {
				ALWAYS_SEARCH_USER_PATHS = NO;
				CLANG_ANALYZER_NONNULL = YES;
				CLANG_ANALYZER_NUMBER_OBJECT_CONVERSION = YES_AGGRESSIVE;
				CLANG_CXX_LANGUAGE_STANDARD = "gnu++14";
				CLANG_CXX_LIBRARY = "libc++";
				CLANG_ENABLE_MODULES = YES;
				CLANG_ENABLE_OBJC_ARC = YES;
				CLANG_WARN_BLOCK_CAPTURE_AUTORELEASING = YES;
				CLANG_WARN_BOOL_CONVERSION = YES;
				CLANG_WARN_COMMA = YES;
				CLANG_WARN_CONSTANT_CONVERSION = YES;
				CLANG_WARN_DIRECT_OBJC_ISA_USAGE = YES_ERROR;
				CLANG_WARN_DOCUMENTATION_COMMENTS = YES;
				CLANG_WARN_EMPTY_BODY = YES;
				CLANG_WARN_ENUM_CONVERSION = YES;
				CLANG_WARN_INFINITE_RECURSION = YES;
				CLANG_WARN_INT_CONVERSION = YES;
				CLANG_WARN_NON_LITERAL_NULL_CONVERSION = YES;
				CLANG_WARN_OBJC_LITERAL_CONVERSION = YES;
				CLANG_WARN_OBJC_ROOT_CLASS = YES_ERROR;
				CLANG_WARN_RANGE_LOOP_ANALYSIS = YES;
				CLANG_WARN_STRICT_PROTOTYPES = YES;
				CLANG_WARN_SUSPICIOUS_MOVE = YES;
				CLANG_WARN_UNGUARDED_AVAILABILITY = YES_AGGRESSIVE;
				CLANG_WARN_UNREACHABLE_CODE = YES;
				CLANG_WARN__DUPLICATE_METHOD_MATCH = YES;
				CODE_SIGN_IDENTITY = "iPhone Developer";
				COPY_PHASE_STRIP = NO;
				DEBUG_INFORMATION_FORMAT = "dwarf-with-dsym";
				ENABLE_NS_ASSERTIONS = NO;
				ENABLE_STRICT_OBJC_MSGSEND = YES;
				GCC_C_LANGUAGE_STANDARD = gnu11;
				GCC_NO_COMMON_BLOCKS = YES;
				GCC_WARN_64_TO_32_BIT_CONVERSION = YES;
				GCC_WARN_ABOUT_RETURN_TYPE = YES_ERROR;
				GCC_WARN_UNDECLARED_SELECTOR = YES;
				GCC_WARN_UNINITIALIZED_AUTOS = YES_AGGRESSIVE;
				GCC_WARN_UNUSED_FUNCTION = YES;
				GCC_WARN_UNUSED_VARIABLE = YES;
				IPHONEOS_DEPLOYMENT_TARGET = 11.1;
				MTL_ENABLE_DEBUG_INFO = NO;
				SDKROOT = iphoneos;
				VALIDATE_PRODUCT = YES;
			};
			name = Release;
		};
		6943E9431FE21B61007D4825 /* Debug */ = {
			isa = XCBuildConfiguration;
			baseConfigurationReference = 010E8736E291F7EBB17DF4B1 /* Pods-ProjectTemplate.debug.xcconfig */;
			buildSettings = {
				ASSETCATALOG_COMPILER_APPICON_NAME = AppIcon;
				CODE_SIGN_STYLE = Automatic;
				DEVELOPMENT_TEAM = M2C8D4TY42;
				GCC_PREFIX_HEADER = "$(SRCROOT)/ProjectTemplate/Supporting Files(支持文件)/PrefixHeader.pch";
				INFOPLIST_FILE = "ProjectTemplate/Supporting Files(支持文件)/Info.plist";
				IPHONEOS_DEPLOYMENT_TARGET = 9.0;
				LD_RUNPATH_SEARCH_PATHS = "$(inherited) @executable_path/Frameworks";
				PRODUCT_BUNDLE_IDENTIFIER = GL.ProjectTemplate;
				PRODUCT_NAME = "$(TARGET_NAME)";
				TARGETED_DEVICE_FAMILY = 1;
			};
			name = Debug;
		};
		6943E9441FE21B61007D4825 /* Release */ = {
			isa = XCBuildConfiguration;
			baseConfigurationReference = E65077DBE6EF1EDF16BEE370 /* Pods-ProjectTemplate.release.xcconfig */;
			buildSettings = {
				ASSETCATALOG_COMPILER_APPICON_NAME = AppIcon;
				CODE_SIGN_STYLE = Automatic;
				DEVELOPMENT_TEAM = M2C8D4TY42;
				GCC_PREFIX_HEADER = "$(SRCROOT)/ProjectTemplate/Supporting Files(支持文件)/PrefixHeader.pch";
				INFOPLIST_FILE = "ProjectTemplate/Supporting Files(支持文件)/Info.plist";
				IPHONEOS_DEPLOYMENT_TARGET = 9.0;
				LD_RUNPATH_SEARCH_PATHS = "$(inherited) @executable_path/Frameworks";
				PRODUCT_BUNDLE_IDENTIFIER = GL.ProjectTemplate;
				PRODUCT_NAME = "$(TARGET_NAME)";
				TARGETED_DEVICE_FAMILY = 1;
			};
			name = Release;
		};
		6943E9461FE21B61007D4825 /* Debug */ = {
			isa = XCBuildConfiguration;
			buildSettings = {
				BUNDLE_LOADER = "$(TEST_HOST)";
				CODE_SIGN_STYLE = Automatic;
				DEVELOPMENT_TEAM = M2C8D4TY42;
				INFOPLIST_FILE = ProjectTemplateTests/Info.plist;
				LD_RUNPATH_SEARCH_PATHS = "$(inherited) @executable_path/Frameworks @loader_path/Frameworks";
				PRODUCT_BUNDLE_IDENTIFIER = GL.ProjectTemplateTests;
				PRODUCT_NAME = "$(TARGET_NAME)";
				TARGETED_DEVICE_FAMILY = "1,2";
				TEST_HOST = "$(BUILT_PRODUCTS_DIR)/ProjectTemplate.app/ProjectTemplate";
			};
			name = Debug;
		};
		6943E9471FE21B61007D4825 /* Release */ = {
			isa = XCBuildConfiguration;
			buildSettings = {
				BUNDLE_LOADER = "$(TEST_HOST)";
				CODE_SIGN_STYLE = Automatic;
				DEVELOPMENT_TEAM = M2C8D4TY42;
				INFOPLIST_FILE = ProjectTemplateTests/Info.plist;
				LD_RUNPATH_SEARCH_PATHS = "$(inherited) @executable_path/Frameworks @loader_path/Frameworks";
				PRODUCT_BUNDLE_IDENTIFIER = GL.ProjectTemplateTests;
				PRODUCT_NAME = "$(TARGET_NAME)";
				TARGETED_DEVICE_FAMILY = "1,2";
				TEST_HOST = "$(BUILT_PRODUCTS_DIR)/ProjectTemplate.app/ProjectTemplate";
			};
			name = Release;
		};
		6943E9491FE21B61007D4825 /* Debug */ = {
			isa = XCBuildConfiguration;
			buildSettings = {
				CODE_SIGN_STYLE = Automatic;
				DEVELOPMENT_TEAM = M2C8D4TY42;
				INFOPLIST_FILE = ProjectTemplateUITests/Info.plist;
				LD_RUNPATH_SEARCH_PATHS = "$(inherited) @executable_path/Frameworks @loader_path/Frameworks";
				PRODUCT_BUNDLE_IDENTIFIER = GL.ProjectTemplateUITests;
				PRODUCT_NAME = "$(TARGET_NAME)";
				TARGETED_DEVICE_FAMILY = "1,2";
				TEST_TARGET_NAME = ProjectTemplate;
			};
			name = Debug;
		};
		6943E94A1FE21B61007D4825 /* Release */ = {
			isa = XCBuildConfiguration;
			buildSettings = {
				CODE_SIGN_STYLE = Automatic;
				DEVELOPMENT_TEAM = M2C8D4TY42;
				INFOPLIST_FILE = ProjectTemplateUITests/Info.plist;
				LD_RUNPATH_SEARCH_PATHS = "$(inherited) @executable_path/Frameworks @loader_path/Frameworks";
				PRODUCT_BUNDLE_IDENTIFIER = GL.ProjectTemplateUITests;
				PRODUCT_NAME = "$(TARGET_NAME)";
				TARGETED_DEVICE_FAMILY = "1,2";
				TEST_TARGET_NAME = ProjectTemplate;
			};
			name = Release;
		};
/* End XCBuildConfiguration section */

/* Begin XCConfigurationList section */
		6943E9111FE21B60007D4825 /* Build configuration list for PBXProject "ProjectTemplate" */ = {
			isa = XCConfigurationList;
			buildConfigurations = (
				6943E9401FE21B61007D4825 /* Debug */,
				6943E9411FE21B61007D4825 /* Release */,
			);
			defaultConfigurationIsVisible = 0;
			defaultConfigurationName = Release;
		};
		6943E9421FE21B61007D4825 /* Build configuration list for PBXNativeTarget "ProjectTemplate" */ = {
			isa = XCConfigurationList;
			buildConfigurations = (
				6943E9431FE21B61007D4825 /* Debug */,
				6943E9441FE21B61007D4825 /* Release */,
			);
			defaultConfigurationIsVisible = 0;
			defaultConfigurationName = Release;
		};
		6943E9451FE21B61007D4825 /* Build configuration list for PBXNativeTarget "ProjectTemplateTests" */ = {
			isa = XCConfigurationList;
			buildConfigurations = (
				6943E9461FE21B61007D4825 /* Debug */,
				6943E9471FE21B61007D4825 /* Release */,
			);
			defaultConfigurationIsVisible = 0;
			defaultConfigurationName = Release;
		};
		6943E9481FE21B61007D4825 /* Build configuration list for PBXNativeTarget "ProjectTemplateUITests" */ = {
			isa = XCConfigurationList;
			buildConfigurations = (
				6943E9491FE21B61007D4825 /* Debug */,
				6943E94A1FE21B61007D4825 /* Release */,
			);
			defaultConfigurationIsVisible = 0;
			defaultConfigurationName = Release;
		};
/* End XCConfigurationList section */
	};
	rootObject = 6943E90E1FE21B60007D4825 /* Project object */;
}
